
Microsoft Visual Studio Solution File, Format Version 12.00
# Visual Studio Version 17
VisualStudioVersion = 17.14.36811.4
MinimumVisualStudioVersion = 10.0.40219.1
Project("{FAE04EC0-301F-11D3-BF4B-00C04F79EFBC}") = "DataAccess", "DataAccess\DataAccess.csproj", "{23495A89-9CBA-4593-9063-F2E665316A2C}"
EndProject
Project("{FAE04EC0-301F-11D3-BF4B-00C04F79EFBC}") = "BusinessLogic", "BusinessLogic\BusinessLogic.csproj", "{C5A9822A-2B66-4AD2-8F64-E2FAAC6693F0}"
EndProject
Project("{FAE04EC0-301F-11D3-BF4B-00C04F79EFBC}") = "Presentation_RazorPage", "Presentation_RazorPage\Presentation_RazorPage.csproj", "{60D9F520-1E1F-4AE8-9C34-44AD6B939839}"
EndProject
Global
	GlobalSection(SolutionConfigurationPlatforms) = preSolution
		Debug|Any CPU = Debug|Any CPU
		Release|Any CPU = Release|Any CPU
	EndGlobalSection
	GlobalSection(ProjectConfigurationPlatforms) = postSolution
		{23495A89-9CBA-4593-9063-F2E665316A2C}.Debug|Any CPU.ActiveCfg = Debug|Any CPU
		{23495A89-9CBA-4593-9063-F2E665316A2C}.Debug|Any CPU.Build.0 = Debug|Any CPU
		{23495A89-9CBA-4593-9063-F2E665316A2C}.Release|Any CPU.ActiveCfg = Release|Any CPU
		{23495A89-9CBA-4593-9063-F2E665316A2C}.Release|Any CPU.Build.0 = Release|Any CPU
		{C5A9822A-2B66-4AD2-8F64-E2FAAC6693F0}.Debug|Any CPU.ActiveCfg = Debug|Any CPU
		{C5A9822A-2B66-4AD2-8F64-E2FAAC6693F0}.Debug|Any CPU.Build.0 = Debug|Any CPU
		{C5A9822A-2B66-4AD2-8F64-E2FAAC6693F0}.Release|Any CPU.ActiveCfg = Release|Any CPU
		{C5A9822A-2B66-4AD2-8F64-E2FAAC6693F0}.Release|Any CPU.Build.0 = Release|Any CPU
		{60D9F520-1E1F-4AE8-9C34-44AD6B939839}.Debug|Any CPU.ActiveCfg = Debug|Any CPU
		{60D9F520-1E1F-4AE8-9C34-44AD6B939839}.Debug|Any CPU.Build.0 = Debug|Any CPU
		{60D9F520-1E1F-4AE8-9C34-44AD6B939839}.Release|Any CPU.ActiveCfg = Release|Any CPU
		{60D9F520-1E1F-4AE8-9C34-44AD6B939839}.Release|Any CPU.Build.0 = Release|Any CPU
	EndGlobalSection
	GlobalSection(SolutionProperties) = preSolution
		HideSolutionNode = FALSE
	EndGlobalSection
	GlobalSection(ExtensibilityGlobals) = postSolution
		SolutionGuid = {133834A7-E55E-48D5-961D-78A54976FBA1}
	EndGlobalSection
EndGlobal
